// !$*UTF8*$!
{
	archiveVersion = 1;
	classes = {
	};
	objectVersion = 48;
	objects = {

/* Begin PBXBuildFile section */
		D186CBB0203005F1009CC963 /* AppDelegate.swift in Sources */ = {isa = PBXBuildFile; fileRef = D186CBAF203005F1009CC963 /* AppDelegate.swift */; };
		D186CBB2203005F1009CC963 /* TodoListVC.swift in Sources */ = {isa = PBXBuildFile; fileRef = D186CBB1203005F1009CC963 /* TodoListVC.swift */; };
		D186CBB5203005F1009CC963 /* Main.storyboard in Resources */ = {isa = PBXBuildFile; fileRef = D186CBB3203005F1009CC963 /* Main.storyboard */; };
		D186CBB7203005F1009CC963 /* Assets.xcassets in Resources */ = {isa = PBXBuildFile; fileRef = D186CBB6203005F1009CC963 /* Assets.xcassets */; };
		D186CBBA203005F1009CC963 /* LaunchScreen.storyboard in Resources */ = {isa = PBXBuildFile; fileRef = D186CBB8203005F1009CC963 /* LaunchScreen.storyboard */; };
		D1913D1D203442DC001CB03A /* CategoryVC.swift in Sources */ = {isa = PBXBuildFile; fileRef = D1913D1C203442DC001CB03A /* CategoryVC.swift */; };
		D1B1CB1720335CF60075A162 /* DataModel.xcdatamodeld in Sources */ = {isa = PBXBuildFile; fileRef = D1B1CB1520335CF60075A162 /* DataModel.xcdatamodeld */; };
/* End PBXBuildFile section */

/* Begin PBXFileReference section */
		D186CBAC203005F0009CC963 /* Todoey.app */ = {isa = PBXFileReference; explicitFileType = wrapper.application; includeInIndex = 0; path = Todoey.app; sourceTree = BUILT_PRODUCTS_DIR; };
		D186CBAF203005F1009CC963 /* AppDelegate.swift */ = {isa = PBXFileReference; lastKnownFileType = sourcecode.swift; path = AppDelegate.swift; sourceTree = "<group>"; };
		D186CBB1203005F1009CC963 /* TodoListVC.swift */ = {isa = PBXFileReference; lastKnownFileType = sourcecode.swift; path = TodoListVC.swift; sourceTree = "<group>"; };
		D186CBB4203005F1009CC963 /* Base */ = {isa = PBXFileReference; lastKnownFileType = file.storyboard; name = Base; path = Base.lproj/Main.storyboard; sourceTree = "<group>"; };
		D186CBB6203005F1009CC963 /* Assets.xcassets */ = {isa = PBXFileReference; lastKnownFileType = folder.assetcatalog; path = Assets.xcassets; sourceTree = "<group>"; };
		D186CBB9203005F1009CC963 /* Base */ = {isa = PBXFileReference; lastKnownFileType = file.storyboard; name = Base; path = Base.lproj/LaunchScreen.storyboard; sourceTree = "<group>"; };
		D186CBBB203005F1009CC963 /* Info.plist */ = {isa = PBXFileReference; lastKnownFileType = text.plist.xml; path = Info.plist; sourceTree = "<group>"; };
		D1913D1C203442DC001CB03A /* CategoryVC.swift */ = {isa = PBXFileReference; lastKnownFileType = sourcecode.swift; path = CategoryVC.swift; sourceTree = "<group>"; };
		D1B1CB1620335CF60075A162 /* DataModel.xcdatamodel */ = {isa = PBXFileReference; lastKnownFileType = wrapper.xcdatamodel; path = DataModel.xcdatamodel; sourceTree = "<group>"; };
/* End PBXFileReference section */

/* Begin PBXFrameworksBuildPhase section */
		D186CBA9203005F0009CC963 /* Frameworks */ = {
			isa = PBXFrameworksBuildPhase;
			buildActionMask = 2147483647;
			files = (
			);
			runOnlyForDeploymentPostprocessing = 0;
		};
/* End PBXFrameworksBuildPhase section */

/* Begin PBXGroup section */
		D186CBA3203005F0009CC963 = {
			isa = PBXGroup;
			children = (
				D186CBAE203005F0009CC963 /* Todoey */,
				D186CBAD203005F0009CC963 /* Products */,
			);
			sourceTree = "<group>";
		};
		D186CBAD203005F0009CC963 /* Products */ = {
			isa = PBXGroup;
			children = (
				D186CBAC203005F0009CC963 /* Todoey.app */,
			);
			name = Products;
			sourceTree = "<group>";
		};
		D186CBAE203005F0009CC963 /* Todoey */ = {
			isa = PBXGroup;
			children = (
				D186CBAF203005F1009CC963 /* AppDelegate.swift */,
				D19A4461203068A20048177C /* Controller */,
				D19A44602030689A0048177C /* View */,
				D19A4462203068EC0048177C /* Supporting Files */,
				D186CBBB203005F1009CC963 /* Info.plist */,
				D19A445F203068890048177C /* Model */,
			);
			path = Todoey;
			sourceTree = "<group>";
		};
		D19A445F203068890048177C /* Model */ = {
			isa = PBXGroup;
			children = (
				D1B1CB1520335CF60075A162 /* DataModel.xcdatamodeld */,
			);
			path = Model;
			sourceTree = "<group>";
		};
		D19A44602030689A0048177C /* View */ = {
			isa = PBXGroup;
			children = (
				D186CBB3203005F1009CC963 /* Main.storyboard */,
			);
			path = View;
			sourceTree = "<group>";
		};
		D19A4461203068A20048177C /* Controller */ = {
			isa = PBXGroup;
			children = (
				D1913D1C203442DC001CB03A /* CategoryVC.swift */,
				D186CBB1203005F1009CC963 /* TodoListVC.swift */,
			);
			path = Controller;
			sourceTree = "<group>";
		};
		D19A4462203068EC0048177C /* Supporting Files */ = {
			isa = PBXGroup;
			children = (
				D186CBB6203005F1009CC963 /* Assets.xcassets */,
				D186CBB8203005F1009CC963 /* LaunchScreen.storyboard */,
			);
			path = "Supporting Files";
			sourceTree = "<group>";
		};
/* End PBXGroup section */

/* Begin PBXNativeTarget section */
		D186CBAB203005F0009CC963 /* Todoey */ = {
			isa = PBXNativeTarget;
			buildConfigurationList = D186CBBE203005F1009CC963 /* Build configuration list for PBXNativeTarget "Todoey" */;
			buildPhases = (
				D186CBA8203005F0009CC963 /* Sources */,
				D186CBA9203005F0009CC963 /* Frameworks */,
				D186CBAA203005F0009CC963 /* Resources */,
			);
			buildRules = (
			);
			dependencies = (
			);
			name = Todoey;
			productName = Todoey;
			productReference = D186CBAC203005F0009CC963 /* Todoey.app */;
			productType = "com.apple.product-type.application";
		};
/* End PBXNativeTarget section */

/* Begin PBXProject section */
		D186CBA4203005F0009CC963 /* Project object */ = {
			isa = PBXProject;
			attributes = {
				LastSwiftUpdateCheck = 0910;
				LastUpgradeCheck = 0910;
				ORGANIZATIONNAME = "Coder Earth";
				TargetAttributes = {
					D186CBAB203005F0009CC963 = {
						CreatedOnToolsVersion = 9.1;
						ProvisioningStyle = Automatic;
					};
				};
			};
			buildConfigurationList = D186CBA7203005F0009CC963 /* Build configuration list for PBXProject "Todoey" */;
			compatibilityVersion = "Xcode 8.0";
			developmentRegion = en;
			hasScannedForEncodings = 0;
			knownRegions = (
				en,
				Base,
			);
			mainGroup = D186CBA3203005F0009CC963;
			productRefGroup = D186CBAD203005F0009CC963 /* Products */;
			projectDirPath = "";
			projectRoot = "";
			targets = (
				D186CBAB203005F0009CC963 /* Todoey */,
			);
		};
/* End PBXProject section */

/* Begin PBXResourcesBuildPhase section */
		D186CBAA203005F0009CC963 /* Resources */ = {
			isa = PBXResourcesBuildPhase;
			buildActionMask = 2147483647;
			files = (
				D186CBBA203005F1009CC963 /* LaunchScreen.storyboard in Resources */,
				D186CBB7203005F1009CC963 /* Assets.xcassets in Resources */,
				D186CBB5203005F1009CC963 /* Main.storyboard in Resources */,
			);
			runOnlyForDeploymentPostprocessing = 0;
		};
/* End PBXResourcesBuildPhase section */

/* Begin PBXSourcesBuildPhase section */
		D186CBA8203005F0009CC963 /* Sources */ = {
			isa = PBXSourcesBuildPhase;
			buildActionMask = 2147483647;
			files = (
				D186CBB2203005F1009CC963 /* TodoListVC.swift in Sources */,
				D1B1CB1720335CF60075A162 /* DataModel.xcdatamodeld in Sources */,
				D1913D1D203442DC001CB03A /* CategoryVC.swift in Sources */,
				D186CBB0203005F1009CC963 /* AppDelegate.swift in Sources */,
			);
			runOnlyForDeploymentPostprocessing = 0;
		};
/* End PBXSourcesBuildPhase section */

/* Begin PBXVariantGroup section */
		D186CBB3203005F1009CC963 /* Main.storyboard */ = {
			isa = PBXVariantGroup;
			children = (
				D186CBB4203005F1009CC963 /* Base */,
			);
			name = Main.storyboard;
			sourceTree = "<group>";
		};
		D186CBB8203005F1009CC963 /* LaunchScreen.storyboard */ = {
			isa = PBXVariantGroup;
			children = (
				D186CBB9203005F1009CC963 /* Base */,
			);
			name = LaunchScreen.storyboard;
			sourceTree = "<group>";
		};
/* End PBXVariantGroup section */

/* Begin XCBuildConfiguration section */
		D186CBBC203005F1009CC963 /* Debug */ = {
			isa = XCBuildConfiguration;
			buildSettings = {
				ALWAYS_SEARCH_USER_PATHS = NO;
				CLANG_ANALYZER_NONNULL = YES;
				CLANG_ANALYZER_NUMBER_OBJECT_CONVERSION = YES_AGGRESSIVE;
				CLANG_CXX_LANGUAGE_STANDARD = "gnu++14";
				CLANG_CXX_LIBRARY = "libc++";
				CLANG_ENABLE_MODULES = YES;
				CLANG_ENABLE_OBJC_ARC = YES;
				CLANG_WARN_BLOCK_CAPTURE_AUTORELEASING = YES;
				CLANG_WARN_BOOL_CONVERSION = YES;
				CLANG_WARN_COMMA = YES;
				CLANG_WARN_CONSTANT_CONVERSION = YES;
				CLANG_WARN_DIRECT_OBJC_ISA_USAGE = YES_ERROR;
				CLANG_WARN_DOCUMENTATION_COMMENTS = YES;
				CLANG_WARN_EMPTY_BODY = YES;
				CLANG_WARN_ENUM_CONVERSION = YES;
				CLANG_WARN_INFINITE_RECURSION = YES;
				CLANG_WARN_INT_CONVERSION = YES;
				CLANG_WARN_NON_LITERAL_NULL_CONVERSION = YES;
				CLANG_WARN_OBJC_LITERAL_CONVERSION = YES;
				CLANG_WARN_OBJC_ROOT_CLASS = YES_ERROR;
				CLANG_WARN_RANGE_LOOP_ANALYSIS = YES;
				CLANG_WARN_STRICT_PROTOTYPES = YES;
				CLANG_WARN_SUSPICIOUS_MOVE = YES;
				CLANG_WARN_UNGUARDED_AVAILABILITY = YES_AGGRESSIVE;
				CLANG_WARN_UNREACHABLE_CODE = YES;
				CLANG_WARN__DUPLICATE_METHOD_MATCH = YES;
				CODE_SIGN_IDENTITY = "iPhone Developer";
				COPY_PHASE_STRIP = NO;
				DEBUG_INFORMATION_FORMAT = dwarf;
				ENABLE_STRICT_OBJC_MSGSEND = YES;
				ENABLE_TESTABILITY = YES;
				GCC_C_LANGUAGE_STANDARD = gnu11;
				GCC_DYNAMIC_NO_PIC = NO;
				GCC_NO_COMMON_BLOCKS = YES;
				GCC_OPTIMIZATION_LEVEL = 0;
				GCC_PREPROCESSOR_DEFINITIONS = (
					"DEBUG=1",
					"$(inherited)",
				);
				GCC_WARN_64_TO_32_BIT_CONVERSION = YES;
				GCC_WARN_ABOUT_RETURN_TYPE = YES_ERROR;
				GCC_WARN_UNDECLARED_SELECTOR = YES;
				GCC_WARN_UNINITIALIZED_AUTOS = YES_AGGRESSIVE;
				GCC_WARN_UNUSED_FUNCTION = YES;
				GCC_WARN_UNUSED_VARIABLE = YES;
				IPHONEOS_DEPLOYMENT_TARGET = 11.1;
				MTL_ENABLE_DEBUG_INFO = YES;
				ONLY_ACTIVE_ARCH = YES;
				SDKROOT = iphoneos;
				SWIFT_ACTIVE_COMPILATION_CONDITIONS = DEBUG;
				SWIFT_OPTIMIZATION_LEVEL = "-Onone";
			};
			name = Debug;
		};
		D186CBBD203005F1009CC963 /* Release */ = {
			isa = XCBuildConfiguration;
			buildSettings = {
				ALWAYS_SEARCH_USER_PATHS = NO;
				CLANG_ANALYZER_NONNULL = YES;
				CLANG_ANALYZER_NUMBER_OBJECT_CONVERSION = YES_AGGRESSIVE;
				CLANG_CXX_LANGUAGE_STANDARD = "gnu++14";
				CLANG_CXX_LIBRARY = "libc++";
				CLANG_ENABLE_MODULES = YES;
				CLANG_ENABLE_OBJC_ARC = YES;
				CLANG_WARN_BLOCK_CAPTURE_AUTORELEASING = YES;
				CLANG_WARN_BOOL_CONVERSION = YES;
				CLANG_WARN_COMMA = YES;
				CLANG_WARN_CONSTANT_CONVERSION = YES;
				CLANG_WARN_DIRECT_OBJC_ISA_USAGE = YES_ERROR;
				CLANG_WARN_DOCUMENTATION_COMMENTS = YES;
				CLANG_WARN_EMPTY_BODY = YES;
				CLANG_WARN_ENUM_CONVERSION = YES;
				CLANG_WARN_INFINITE_RECURSION = YES;
				CLANG_WARN_INT_CONVERSION = YES;
				CLANG_WARN_NON_LITERAL_NULL_CONVERSION = YES;
				CLANG_WARN_OBJC_LITERAL_CONVERSION = YES;
				CLANG_WARN_OBJC_ROOT_CLASS = YES_ERROR;
				CLANG_WARN_RANGE_LOOP_ANALYSIS = YES;
				CLANG_WARN_STRICT_PROTOTYPES = YES;
				CLANG_WARN_SUSPICIOUS_MOVE = YES;
				CLANG_WARN_UNGUARDED_AVAILABILITY = YES_AGGRESSIVE;
				CLANG_WARN_UNREACHABLE_CODE = YES;
				CLANG_WARN__DUPLICATE_METHOD_MATCH = YES;
				CODE_SIGN_IDENTITY = "iPhone Developer";
				COPY_PHASE_STRIP = NO;
				DEBUG_INFORMATION_FORMAT = "dwarf-with-dsym";
				ENABLE_NS_ASSERTIONS = NO;
				ENABLE_STRICT_OBJC_MSGSEND = YES;
				GCC_C_LANGUAGE_STANDARD = gnu11;
				GCC_NO_COMMON_BLOCKS = YES;
				GCC_WARN_64_TO_32_BIT_CONVERSION = YES;
				GCC_WARN_ABOUT_RETURN_TYPE = YES_ERROR;
				GCC_WARN_UNDECLARED_SELECTOR = YES;
				GCC_WARN_UNINITIALIZED_AUTOS = YES_AGGRESSIVE;
				GCC_WARN_UNUSED_FUNCTION = YES;
				GCC_WARN_UNUSED_VARIABLE = YES;
				IPHONEOS_DEPLOYMENT_TARGET = 11.1;
				MTL_ENABLE_DEBUG_INFO = NO;
				SDKROOT = iphoneos;
				SWIFT_OPTIMIZATION_LEVEL = "-Owholemodule";
				VALIDATE_PRODUCT = YES;
			};
			name = Release;
		};
		D186CBBF203005F1009CC963 /* Debug */ = {
			isa = XCBuildConfiguration;
			buildSettings = {
				ASSETCATALOG_COMPILER_APPICON_NAME = AppIcon;
				CODE_SIGN_STYLE = Automatic;
				DEVELOPMENT_TEAM = HW2VJEFH2M;
				INFOPLIST_FILE = Todoey/Info.plist;
				LD_RUNPATH_SEARCH_PATHS = "$(inherited) @executable_path/Frameworks";
				PRODUCT_BUNDLE_IDENTIFIER = in.coderearth.Todoey;
				PRODUCT_NAME = "$(TARGET_NAME)";
				SWIFT_VERSION = 4.0;
				TARGETED_DEVICE_FAMILY = "1,2";
			};
			name = Debug;
		};
		D186CBC0203005F1009CC963 /* Release */ = {
			isa = XCBuildConfiguration;
			buildSettings = {
				ASSETCATALOG_COMPILER_APPICON_NAME = AppIcon;
				CODE_SIGN_STYLE = Automatic;
				DEVELOPMENT_TEAM = HW2VJEFH2M;
				INFOPLIST_FILE = Todoey/Info.plist;
				LD_RUNPATH_SEARCH_PATHS = "$(inherited) @executable_path/Frameworks";
				PRODUCT_BUNDLE_IDENTIFIER = in.coderearth.Todoey;
				PRODUCT_NAME = "$(TARGET_NAME)";
				SWIFT_VERSION = 4.0;
				TARGETED_DEVICE_FAMILY = "1,2";
			};
			name = Release;
		};
/* End XCBuildConfiguration section */

/* Begin XCConfigurationList section */
		D186CBA7203005F0009CC963 /* Build configuration list for PBXProject "Todoey" */ = {
			isa = XCConfigurationList;
			buildConfigurations = (
				D186CBBC203005F1009CC963 /* Debug */,
				D186CBBD203005F1009CC963 /* Release */,
			);
			defaultConfigurationIsVisible = 0;
			defaultConfigurationName = Release;
		};
		D186CBBE203005F1009CC963 /* Build configuration list for PBXNativeTarget "Todoey" */ = {
			isa = XCConfigurationList;
			buildConfigurations = (
				D186CBBF203005F1009CC963 /* Debug */,
				D186CBC0203005F1009CC963 /* Release */,
			);
			defaultConfigurationIsVisible = 0;
			defaultConfigurationName = Release;
		};
/* End XCConfigurationList section */

/* Begin XCVersionGroup section */
		D1B1CB1520335CF60075A162 /* DataModel.xcdatamodeld */ = {
			isa = XCVersionGroup;
			children = (
				D1B1CB1620335CF60075A162 /* DataModel.xcdatamodel */,
			);
			currentVersion = D1B1CB1620335CF60075A162 /* DataModel.xcdatamodel */;
			path = DataModel.xcdatamodeld;
			sourceTree = "<group>";
			versionGroupType = wrapper.xcdatamodel;
		};
/* End XCVersionGroup section */
	};
	rootObject = D186CBA4203005F0009CC963 /* Project object */;
}
